
Microsoft Visual Studio Solution File, Format Version 12.00
# Visual Studio 2015
Project("{FAE04EC0-301F-11D3-BF4B-00C04F79EFBC}") = "NumberPanic.CSharp.Plugins", "NumberPanic.CSharp.Plugins.csproj", "{CBEDB195-E8D5-9F4F-12A7-FF45D7C09DE4}"
EndProject
Project("{FAE04EC0-301F-11D3-BF4B-00C04F79EFBC}") = "NumberPanic.CSharp", "NumberPanic.CSharp.csproj", "{A742FB89-A7C5-8352-C533-B660E070720C}"
EndProject
Project("{FAE04EC0-301F-11D3-BF4B-00C04F79EFBC}") = "NumberPanic.CSharp.Editor.Plugins", "NumberPanic.CSharp.Editor.Plugins.csproj", "{0DFAC417-9D5B-B1A2-3BC1-BE139D6F3711}"
EndProject
Global
	GlobalSection(SolutionConfigurationPlatforms) = preSolution
		Debug|Any CPU = Debug|Any CPU
		Release|Any CPU = Release|Any CPU
	EndGlobalSection
	GlobalSection(ProjectConfigurationPlatforms) = postSolution
		{CBEDB195-E8D5-9F4F-12A7-FF45D7C09DE4}.Debug|Any CPU.ActiveCfg = Debug|Any CPU
		{CBEDB195-E8D5-9F4F-12A7-FF45D7C09DE4}.Debug|Any CPU.Build.0 = Debug|Any CPU
		{CBEDB195-E8D5-9F4F-12A7-FF45D7C09DE4}.Release|Any CPU.ActiveCfg = Release|Any CPU
		{CBEDB195-E8D5-9F4F-12A7-FF45D7C09DE4}.Release|Any CPU.Build.0 = Release|Any CPU
		{A742FB89-A7C5-8352-C533-B660E070720C}.Debug|Any CPU.ActiveCfg = Debug|Any CPU
		{A742FB89-A7C5-8352-C533-B660E070720C}.Debug|Any CPU.Build.0 = Debug|Any CPU
		{A742FB89-A7C5-8352-C533-B660E070720C}.Release|Any CPU.ActiveCfg = Release|Any CPU
		{A742FB89-A7C5-8352-C533-B660E070720C}.Release|Any CPU.Build.0 = Release|Any CPU
		{0DFAC417-9D5B-B1A2-3BC1-BE139D6F3711}.Debug|Any CPU.ActiveCfg = Debug|Any CPU
		{0DFAC417-9D5B-B1A2-3BC1-BE139D6F3711}.Debug|Any CPU.Build.0 = Debug|Any CPU
		{0DFAC417-9D5B-B1A2-3BC1-BE139D6F3711}.Release|Any CPU.ActiveCfg = Release|Any CPU
		{0DFAC417-9D5B-B1A2-3BC1-BE139D6F3711}.Release|Any CPU.Build.0 = Release|Any CPU
	EndGlobalSection
	GlobalSection(SolutionProperties) = preSolution
		HideSolutionNode = FALSE
	EndGlobalSection
EndGlobal
