Microsoft Visual Studio Solution File, Format Version 11.00
# Visual Studio 2008

Project("{F8AF362E-5866-71E9-929B-CB185E5E2A4F}") = "NumberPanic", "Assembly-CSharp-firstpass.csproj", "{6BE49290-6730-C792-D04C-354FCB2EBD1C}"
EndProject
Project("{F8AF362E-5866-71E9-929B-CB185E5E2A4F}") = "NumberPanic", "Assembly-CSharp.csproj", "{5BCF2A80-EB21-65B9-512D-05EEC0CAAA7E}"
EndProject
Project("{F8AF362E-5866-71E9-929B-CB185E5E2A4F}") = "NumberPanic", "Assembly-CSharp-Editor-firstpass.csproj", "{69C4F747-4243-1706-C0C8-77C95EA6CC7C}"
EndProject
Project("{F8AF362E-5866-71E9-929B-CB185E5E2A4F}") = "NumberPanic", "Assembly-CSharp-Editor.csproj", "{D9604A02-CE16-F8C7-E97E-3BC9B884E30D}"
EndProject
Global
	GlobalSection(SolutionConfigurationPlatforms) = preSolution
		Debug|Any CPU = Debug|Any CPU
		Release|Any CPU = Release|Any CPU
	EndGlobalSection
	GlobalSection(ProjectConfigurationPlatforms) = postSolution
		{6BE49290-6730-C792-D04C-354FCB2EBD1C}.Debug|Any CPU.ActiveCfg = Debug|Any CPU
		{6BE49290-6730-C792-D04C-354FCB2EBD1C}.Debug|Any CPU.Build.0 = Debug|Any CPU
		{6BE49290-6730-C792-D04C-354FCB2EBD1C}.Release|Any CPU.ActiveCfg = Release|Any CPU
		{6BE49290-6730-C792-D04C-354FCB2EBD1C}.Release|Any CPU.Build.0 = Release|Any CPU
		{5BCF2A80-EB21-65B9-512D-05EEC0CAAA7E}.Debug|Any CPU.ActiveCfg = Debug|Any CPU
		{5BCF2A80-EB21-65B9-512D-05EEC0CAAA7E}.Debug|Any CPU.Build.0 = Debug|Any CPU
		{5BCF2A80-EB21-65B9-512D-05EEC0CAAA7E}.Release|Any CPU.ActiveCfg = Release|Any CPU
		{5BCF2A80-EB21-65B9-512D-05EEC0CAAA7E}.Release|Any CPU.Build.0 = Release|Any CPU
		{69C4F747-4243-1706-C0C8-77C95EA6CC7C}.Debug|Any CPU.ActiveCfg = Debug|Any CPU
		{69C4F747-4243-1706-C0C8-77C95EA6CC7C}.Debug|Any CPU.Build.0 = Debug|Any CPU
		{69C4F747-4243-1706-C0C8-77C95EA6CC7C}.Release|Any CPU.ActiveCfg = Release|Any CPU
		{69C4F747-4243-1706-C0C8-77C95EA6CC7C}.Release|Any CPU.Build.0 = Release|Any CPU
		{D9604A02-CE16-F8C7-E97E-3BC9B884E30D}.Debug|Any CPU.ActiveCfg = Debug|Any CPU
		{D9604A02-CE16-F8C7-E97E-3BC9B884E30D}.Debug|Any CPU.Build.0 = Debug|Any CPU
		{D9604A02-CE16-F8C7-E97E-3BC9B884E30D}.Release|Any CPU.ActiveCfg = Release|Any CPU
		{D9604A02-CE16-F8C7-E97E-3BC9B884E30D}.Release|Any CPU.Build.0 = Release|Any CPU
	EndGlobalSection
	GlobalSection(SolutionProperties) = preSolution
		HideSolutionNode = FALSE
	EndGlobalSection
	GlobalSection(MonoDevelopProperties) = preSolution
		StartupItem = Assembly-CSharp.csproj
	EndGlobalSection
EndGlobal
